
Microsoft Visual Studio Solution File, Format Version 12.00
# Visual Studio Version 17
VisualStudioVersion = 17.0.32126.317
MinimumVisualStudioVersion = 10.0.40219.1
Project("{FAE04EC0-301F-11D3-BF4B-00C04F79EFBC}") = "api-youtube-dotnet5", "api-youtube-dotnet5\api-youtube-dotnet5.csproj", "{35521094-226D-4B63-8AB8-519D5FB91CD0}"
EndProject
Global
	GlobalSection(SolutionConfigurationPlatforms) = preSolution
		Debug|Any CPU = Debug|Any CPU
		Release|Any CPU = Release|Any CPU
	EndGlobalSection
	GlobalSection(ProjectConfigurationPlatforms) = postSolution
		{35521094-226D-4B63-8AB8-519D5FB91CD0}.Debug|Any CPU.ActiveCfg = Debug|Any CPU
		{35521094-226D-4B63-8AB8-519D5FB91CD0}.Debug|Any CPU.Build.0 = Debug|Any CPU
		{35521094-226D-4B63-8AB8-519D5FB91CD0}.Release|Any CPU.ActiveCfg = Release|Any CPU
		{35521094-226D-4B63-8AB8-519D5FB91CD0}.Release|Any CPU.Build.0 = Release|Any CPU
	EndGlobalSection
	GlobalSection(SolutionProperties) = preSolution
		HideSolutionNode = FALSE
	EndGlobalSection
	GlobalSection(ExtensibilityGlobals) = postSolution
		SolutionGuid = {FE773C99-7A35-4F3A-B62D-7809688FB258}
	EndGlobalSection
EndGlobal
